
Microsoft Visual Studio Solution File, Format Version 12.00
# Visual Studio Version 17
VisualStudioVersion = 17.7.34024.191
MinimumVisualStudioVersion = 10.0.40219.1
Project("{FAE04EC0-301F-11D3-BF4B-00C04F79EFBC}") = "Zdarzenia", "Zdarzenia.csproj", "{E86601C7-5839-418D-99F0-9882D3F6ED0A}"
EndProject
Global
	GlobalSection(SolutionConfigurationPlatforms) = preSolution
		Debug|Any CPU = Debug|Any CPU
		Release|Any CPU = Release|Any CPU
	EndGlobalSection
	GlobalSection(ProjectConfigurationPlatforms) = postSolution
		{E86601C7-5839-418D-99F0-9882D3F6ED0A}.Debug|Any CPU.ActiveCfg = Debug|Any CPU
		{E86601C7-5839-418D-99F0-9882D3F6ED0A}.Debug|Any CPU.Build.0 = Debug|Any CPU
		{E86601C7-5839-418D-99F0-9882D3F6ED0A}.Release|Any CPU.ActiveCfg = Release|Any CPU
		{E86601C7-5839-418D-99F0-9882D3F6ED0A}.Release|Any CPU.Build.0 = Release|Any CPU
	EndGlobalSection
	GlobalSection(SolutionProperties) = preSolution
		HideSolutionNode = FALSE
	EndGlobalSection
	GlobalSection(ExtensibilityGlobals) = postSolution
		SolutionGuid = {03EB31A9-02B7-488A-BEE5-BAEBA6FF9039}
	EndGlobalSection
EndGlobal
